
Microsoft Visual Studio Solution File, Format Version 12.00
# Visual Studio Version 17
VisualStudioVersion = 17.0.31903.59
MinimumVisualStudioVersion = 10.0.40219.1
Project("{FAE04EC0-301F-11D3-BF4B-00C04F79EFBC}") = "FleetManager.Core", "FleetManager.Core\FleetManager.Core.csproj", "{CDA2DAD9-4ED9-44A0-B96C-10E9830CBB84}"
EndProject
Project("{FAE04EC0-301F-11D3-BF4B-00C04F79EFBC}") = "FleetManager.App", "FleetManager.App\FleetManager.App.csproj", "{5C44EC54-53E9-432D-B226-305D6F1076C5}"
EndProject
Project("{FAE04EC0-301F-11D3-BF4B-00C04F79EFBC}") = "FleetManager.Tests", "FleetManager.Tests\FleetManager.Tests.csproj", "{F3E1A1E2-8FF3-45DB-8A7E-0371D1267729}"
EndProject
Global
	GlobalSection(SolutionConfigurationPlatforms) = preSolution
		Debug|Any CPU = Debug|Any CPU
		Release|Any CPU = Release|Any CPU
	EndGlobalSection
	GlobalSection(SolutionProperties) = preSolution
		HideSolutionNode = FALSE
	EndGlobalSection
	GlobalSection(ProjectConfigurationPlatforms) = postSolution
		{CDA2DAD9-4ED9-44A0-B96C-10E9830CBB84}.Debug|Any CPU.ActiveCfg = Debug|Any CPU
		{CDA2DAD9-4ED9-44A0-B96C-10E9830CBB84}.Debug|Any CPU.Build.0 = Debug|Any CPU
		{CDA2DAD9-4ED9-44A0-B96C-10E9830CBB84}.Release|Any CPU.ActiveCfg = Release|Any CPU
		{CDA2DAD9-4ED9-44A0-B96C-10E9830CBB84}.Release|Any CPU.Build.0 = Release|Any CPU
		{5C44EC54-53E9-432D-B226-305D6F1076C5}.Debug|Any CPU.ActiveCfg = Debug|Any CPU
		{5C44EC54-53E9-432D-B226-305D6F1076C5}.Debug|Any CPU.Build.0 = Debug|Any CPU
		{5C44EC54-53E9-432D-B226-305D6F1076C5}.Release|Any CPU.ActiveCfg = Release|Any CPU
		{5C44EC54-53E9-432D-B226-305D6F1076C5}.Release|Any CPU.Build.0 = Release|Any CPU
		{F3E1A1E2-8FF3-45DB-8A7E-0371D1267729}.Debug|Any CPU.ActiveCfg = Debug|Any CPU
		{F3E1A1E2-8FF3-45DB-8A7E-0371D1267729}.Debug|Any CPU.Build.0 = Debug|Any CPU
		{F3E1A1E2-8FF3-45DB-8A7E-0371D1267729}.Release|Any CPU.ActiveCfg = Release|Any CPU
		{F3E1A1E2-8FF3-45DB-8A7E-0371D1267729}.Release|Any CPU.Build.0 = Release|Any CPU
	EndGlobalSection
EndGlobal
